
Microsoft Visual Studio Solution File, Format Version 12.00
# Visual Studio Version 17
VisualStudioVersion = 17.3.32929.385
MinimumVisualStudioVersion = 10.0.40219.1
Project("{FAE04EC0-301F-11D3-BF4B-00C04F79EFBC}") = "CustomValid-AspTag-HtmlTagHelper", "CustomValid-AspTag-HtmlTagHelper\CustomValid-AspTag-HtmlTagHelper.csproj", "{3FCDA55B-2AB5-4CDE-90C2-68B11FD4D5A6}"
EndProject
Global
	GlobalSection(SolutionConfigurationPlatforms) = preSolution
		Debug|Any CPU = Debug|Any CPU
		Release|Any CPU = Release|Any CPU
	EndGlobalSection
	GlobalSection(ProjectConfigurationPlatforms) = postSolution
		{3FCDA55B-2AB5-4CDE-90C2-68B11FD4D5A6}.Debug|Any CPU.ActiveCfg = Debug|Any CPU
		{3FCDA55B-2AB5-4CDE-90C2-68B11FD4D5A6}.Debug|Any CPU.Build.0 = Debug|Any CPU
		{3FCDA55B-2AB5-4CDE-90C2-68B11FD4D5A6}.Release|Any CPU.ActiveCfg = Release|Any CPU
		{3FCDA55B-2AB5-4CDE-90C2-68B11FD4D5A6}.Release|Any CPU.Build.0 = Release|Any CPU
	EndGlobalSection
	GlobalSection(SolutionProperties) = preSolution
		HideSolutionNode = FALSE
	EndGlobalSection
	GlobalSection(ExtensibilityGlobals) = postSolution
		SolutionGuid = {22A9C8E0-168B-46B2-8F5E-7F77756F1482}
	EndGlobalSection
EndGlobal
